
Microsoft Visual Studio Solution File, Format Version 12.00
# Visual Studio Version 16
VisualStudioVersion = 16.0.30413.136
MinimumVisualStudioVersion = 10.0.40219.1
Project("{FAE04EC0-301F-11D3-BF4B-00C04F79EFBC}") = "LLWP_Core", "LLWP_Core\LLWP_Core.csproj", "{93BFAD71-FBF8-430F-9D40-386ED218B5C5}"
EndProject
Global
	GlobalSection(SolutionConfigurationPlatforms) = preSolution
		Debug|Any CPU = Debug|Any CPU
		Release|Any CPU = Release|Any CPU
	EndGlobalSection
	GlobalSection(ProjectConfigurationPlatforms) = postSolution
		{93BFAD71-FBF8-430F-9D40-386ED218B5C5}.Debug|Any CPU.ActiveCfg = Debug|Any CPU
		{93BFAD71-FBF8-430F-9D40-386ED218B5C5}.Debug|Any CPU.Build.0 = Debug|Any CPU
		{93BFAD71-FBF8-430F-9D40-386ED218B5C5}.Release|Any CPU.ActiveCfg = Release|Any CPU
		{93BFAD71-FBF8-430F-9D40-386ED218B5C5}.Release|Any CPU.Build.0 = Release|Any CPU
	EndGlobalSection
	GlobalSection(SolutionProperties) = preSolution
		HideSolutionNode = FALSE
	EndGlobalSection
	GlobalSection(ExtensibilityGlobals) = postSolution
		SolutionGuid = {B1820966-72E4-443A-9B2E-359695101FEA}
	EndGlobalSection
EndGlobal
