
Microsoft Visual Studio Solution File, Format Version 12.00
# Visual Studio 15
VisualStudioVersion = 15.0.28307.1145
MinimumVisualStudioVersion = 10.0.40219.1
Project("{FAE04EC0-301F-11D3-BF4B-00C04F79EFBC}") = "hw7", "hw7\hw7.csproj", "{81F4A5D3-B864-46E4-AE2D-8FD18B58E2A0}"
EndProject
Global
	GlobalSection(SolutionConfigurationPlatforms) = preSolution
		Debug|Any CPU = Debug|Any CPU
		Release|Any CPU = Release|Any CPU
	EndGlobalSection
	GlobalSection(ProjectConfigurationPlatforms) = postSolution
		{81F4A5D3-B864-46E4-AE2D-8FD18B58E2A0}.Debug|Any CPU.ActiveCfg = Debug|Any CPU
		{81F4A5D3-B864-46E4-AE2D-8FD18B58E2A0}.Debug|Any CPU.Build.0 = Debug|Any CPU
		{81F4A5D3-B864-46E4-AE2D-8FD18B58E2A0}.Release|Any CPU.ActiveCfg = Release|Any CPU
		{81F4A5D3-B864-46E4-AE2D-8FD18B58E2A0}.Release|Any CPU.Build.0 = Release|Any CPU
	EndGlobalSection
	GlobalSection(SolutionProperties) = preSolution
		HideSolutionNode = FALSE
	EndGlobalSection
	GlobalSection(ExtensibilityGlobals) = postSolution
		SolutionGuid = {06993555-DCB6-43EC-BAB1-01037879FAC1}
	EndGlobalSection
EndGlobal
